// !$*UTF8*$!
{
	archiveVersion = 1;
	classes = {
	};
	objectVersion = 55;
	objects = {

/* Begin PBXBuildFile section */
		80949253275EA0C1000EE149 /* AppDelegate.swift in Sources */ = {isa = PBXBuildFile; fileRef = 80949252275EA0C1000EE149 /* AppDelegate.swift */; };
		80949255275EA0C1000EE149 /* MainViewController.swift in Sources */ = {isa = PBXBuildFile; fileRef = 80949254275EA0C1000EE149 /* MainViewController.swift */; };
		80949257275EA0C3000EE149 /* Assets.xcassets in Resources */ = {isa = PBXBuildFile; fileRef = 80949256275EA0C3000EE149 /* Assets.xcassets */; };
		8094925A275EA0C3000EE149 /* Main.storyboard in Resources */ = {isa = PBXBuildFile; fileRef = 80949258275EA0C3000EE149 /* Main.storyboard */; };
		80949263275EA13C000EE149 /* Spotify.swift in Sources */ = {isa = PBXBuildFile; fileRef = 80949262275EA13C000EE149 /* Spotify.swift */; };
		80949268275EAE55000EE149 /* Song.swift in Sources */ = {isa = PBXBuildFile; fileRef = 80949267275EAE55000EE149 /* Song.swift */; };
		8094926B275EBB07000EE149 /* PythonKit in Frameworks */ = {isa = PBXBuildFile; productRef = 8094926A275EBB07000EE149 /* PythonKit */; };
		8094926D275F7213000EE149 /* WhoSampled.swift in Sources */ = {isa = PBXBuildFile; fileRef = 8094926C275F7213000EE149 /* WhoSampled.swift */; };
		8094926F275F7270000EE149 /* SampleData.swift in Sources */ = {isa = PBXBuildFile; fileRef = 8094926E275F7270000EE149 /* SampleData.swift */; };
		80949273275F7F61000EE149 /* EventMonitor.swift in Sources */ = {isa = PBXBuildFile; fileRef = 80949272275F7F61000EE149 /* EventMonitor.swift */; };
		80949276275F84D4000EE149 /* PopoverController.swift in Sources */ = {isa = PBXBuildFile; fileRef = 80949275275F84D4000EE149 /* PopoverController.swift */; };
/* End PBXBuildFile section */

/* Begin PBXFileReference section */
		8094924F275EA0C1000EE149 /* bezola.app */ = {isa = PBXFileReference; explicitFileType = wrapper.application; includeInIndex = 0; path = bezola.app; sourceTree = BUILT_PRODUCTS_DIR; };
		80949252275EA0C1000EE149 /* AppDelegate.swift */ = {isa = PBXFileReference; lastKnownFileType = sourcecode.swift; path = AppDelegate.swift; sourceTree = "<group>"; };
		80949254275EA0C1000EE149 /* MainViewController.swift */ = {isa = PBXFileReference; lastKnownFileType = sourcecode.swift; path = MainViewController.swift; sourceTree = "<group>"; };
		80949256275EA0C3000EE149 /* Assets.xcassets */ = {isa = PBXFileReference; lastKnownFileType = folder.assetcatalog; path = Assets.xcassets; sourceTree = "<group>"; };
		80949259275EA0C3000EE149 /* Base */ = {isa = PBXFileReference; lastKnownFileType = file.storyboard; name = Base; path = Base.lproj/Main.storyboard; sourceTree = "<group>"; };
		8094925B275EA0C3000EE149 /* bezola.entitlements */ = {isa = PBXFileReference; lastKnownFileType = text.plist.entitlements; path = bezola.entitlements; sourceTree = "<group>"; };
		80949262275EA13C000EE149 /* Spotify.swift */ = {isa = PBXFileReference; lastKnownFileType = sourcecode.swift; path = Spotify.swift; sourceTree = "<group>"; };
		80949267275EAE55000EE149 /* Song.swift */ = {isa = PBXFileReference; lastKnownFileType = sourcecode.swift; path = Song.swift; sourceTree = "<group>"; };
		8094926C275F7213000EE149 /* WhoSampled.swift */ = {isa = PBXFileReference; lastKnownFileType = sourcecode.swift; path = WhoSampled.swift; sourceTree = "<group>"; };
		8094926E275F7270000EE149 /* SampleData.swift */ = {isa = PBXFileReference; lastKnownFileType = sourcecode.swift; path = SampleData.swift; sourceTree = "<group>"; };
		80949272275F7F61000EE149 /* EventMonitor.swift */ = {isa = PBXFileReference; lastKnownFileType = sourcecode.swift; path = EventMonitor.swift; sourceTree = "<group>"; };
		80949275275F84D4000EE149 /* PopoverController.swift */ = {isa = PBXFileReference; lastKnownFileType = sourcecode.swift; path = PopoverController.swift; sourceTree = "<group>"; };
/* End PBXFileReference section */

/* Begin PBXFrameworksBuildPhase section */
		8094924C275EA0C1000EE149 /* Frameworks */ = {
			isa = PBXFrameworksBuildPhase;
			buildActionMask = 2147483647;
			files = (
				8094926B275EBB07000EE149 /* PythonKit in Frameworks */,
			);
			runOnlyForDeploymentPostprocessing = 0;
		};
/* End PBXFrameworksBuildPhase section */

/* Begin PBXGroup section */
		80949246275EA0C1000EE149 = {
			isa = PBXGroup;
			children = (
				80949251275EA0C1000EE149 /* bezola */,
				80949250275EA0C1000EE149 /* Products */,
			);
			sourceTree = "<group>";
		};
		80949250275EA0C1000EE149 /* Products */ = {
			isa = PBXGroup;
			children = (
				8094924F275EA0C1000EE149 /* bezola.app */,
			);
			name = Products;
			sourceTree = "<group>";
		};
		80949251275EA0C1000EE149 /* bezola */ = {
			isa = PBXGroup;
			children = (
				80949264275EA49D000EE149 /* Models */,
				80949274275F8018000EE149 /* Controllers */,
				80949261275EA112000EE149 /* Utils */,
				80949252275EA0C1000EE149 /* AppDelegate.swift */,
				80949258275EA0C3000EE149 /* Main.storyboard */,
				8094925B275EA0C3000EE149 /* bezola.entitlements */,
				80949256275EA0C3000EE149 /* Assets.xcassets */,
			);
			path = bezola;
			sourceTree = "<group>";
		};
		80949261275EA112000EE149 /* Utils */ = {
			isa = PBXGroup;
			children = (
				80949262275EA13C000EE149 /* Spotify.swift */,
				8094926C275F7213000EE149 /* WhoSampled.swift */,
				80949272275F7F61000EE149 /* EventMonitor.swift */,
			);
			path = Utils;
			sourceTree = "<group>";
		};
		80949264275EA49D000EE149 /* Models */ = {
			isa = PBXGroup;
			children = (
				80949267275EAE55000EE149 /* Song.swift */,
				8094926E275F7270000EE149 /* SampleData.swift */,
			);
			path = Models;
			sourceTree = "<group>";
		};
		80949274275F8018000EE149 /* Controllers */ = {
			isa = PBXGroup;
			children = (
				80949254275EA0C1000EE149 /* MainViewController.swift */,
				80949275275F84D4000EE149 /* PopoverController.swift */,
			);
			path = Controllers;
			sourceTree = "<group>";
		};
/* End PBXGroup section */

/* Begin PBXNativeTarget section */
		8094924E275EA0C1000EE149 /* bezola */ = {
			isa = PBXNativeTarget;
			buildConfigurationList = 8094925E275EA0C3000EE149 /* Build configuration list for PBXNativeTarget "bezola" */;
			buildPhases = (
				8094924B275EA0C1000EE149 /* Sources */,
				8094924C275EA0C1000EE149 /* Frameworks */,
				8094924D275EA0C1000EE149 /* Resources */,
			);
			buildRules = (
			);
			dependencies = (
			);
			name = bezola;
			packageProductDependencies = (
				8094926A275EBB07000EE149 /* PythonKit */,
			);
			productName = bezola;
			productReference = 8094924F275EA0C1000EE149 /* bezola.app */;
			productType = "com.apple.product-type.application";
		};
/* End PBXNativeTarget section */

/* Begin PBXProject section */
		80949247275EA0C1000EE149 /* Project object */ = {
			isa = PBXProject;
			attributes = {
				BuildIndependentTargetsInParallel = 1;
				LastSwiftUpdateCheck = 1310;
				LastUpgradeCheck = 1310;
				TargetAttributes = {
					8094924E275EA0C1000EE149 = {
						CreatedOnToolsVersion = 13.1;
					};
				};
			};
			buildConfigurationList = 8094924A275EA0C1000EE149 /* Build configuration list for PBXProject "bezola" */;
			compatibilityVersion = "Xcode 13.0";
			developmentRegion = en;
			hasScannedForEncodings = 0;
			knownRegions = (
				en,
				Base,
			);
			mainGroup = 80949246275EA0C1000EE149;
			packageReferences = (
				80949269275EBB07000EE149 /* XCRemoteSwiftPackageReference "PythonKit" */,
			);
			productRefGroup = 80949250275EA0C1000EE149 /* Products */;
			projectDirPath = "";
			projectRoot = "";
			targets = (
				8094924E275EA0C1000EE149 /* bezola */,
			);
		};
/* End PBXProject section */

/* Begin PBXResourcesBuildPhase section */
		8094924D275EA0C1000EE149 /* Resources */ = {
			isa = PBXResourcesBuildPhase;
			buildActionMask = 2147483647;
			files = (
				80949257275EA0C3000EE149 /* Assets.xcassets in Resources */,
				8094925A275EA0C3000EE149 /* Main.storyboard in Resources */,
			);
			runOnlyForDeploymentPostprocessing = 0;
		};
/* End PBXResourcesBuildPhase section */

/* Begin PBXSourcesBuildPhase section */
		8094924B275EA0C1000EE149 /* Sources */ = {
			isa = PBXSourcesBuildPhase;
			buildActionMask = 2147483647;
			files = (
				80949255275EA0C1000EE149 /* MainViewController.swift in Sources */,
				8094926F275F7270000EE149 /* SampleData.swift in Sources */,
				8094926D275F7213000EE149 /* WhoSampled.swift in Sources */,
				80949263275EA13C000EE149 /* Spotify.swift in Sources */,
				80949253275EA0C1000EE149 /* AppDelegate.swift in Sources */,
				80949268275EAE55000EE149 /* Song.swift in Sources */,
				80949276275F84D4000EE149 /* PopoverController.swift in Sources */,
				80949273275F7F61000EE149 /* EventMonitor.swift in Sources */,
			);
			runOnlyForDeploymentPostprocessing = 0;
		};
/* End PBXSourcesBuildPhase section */

/* Begin PBXVariantGroup section */
		80949258275EA0C3000EE149 /* Main.storyboard */ = {
			isa = PBXVariantGroup;
			children = (
				80949259275EA0C3000EE149 /* Base */,
			);
			name = Main.storyboard;
			sourceTree = "<group>";
		};
/* End PBXVariantGroup section */

/* Begin XCBuildConfiguration section */
		8094925C275EA0C3000EE149 /* Debug */ = {
			isa = XCBuildConfiguration;
			buildSettings = {
				ALWAYS_SEARCH_USER_PATHS = NO;
				CLANG_ANALYZER_NONNULL = YES;
				CLANG_ANALYZER_NUMBER_OBJECT_CONVERSION = YES_AGGRESSIVE;
				CLANG_CXX_LANGUAGE_STANDARD = "gnu++17";
				CLANG_CXX_LIBRARY = "libc++";
				CLANG_ENABLE_MODULES = YES;
				CLANG_ENABLE_OBJC_ARC = YES;
				CLANG_ENABLE_OBJC_WEAK = YES;
				CLANG_WARN_BLOCK_CAPTURE_AUTORELEASING = YES;
				CLANG_WARN_BOOL_CONVERSION = YES;
				CLANG_WARN_COMMA = YES;
				CLANG_WARN_CONSTANT_CONVERSION = YES;
				CLANG_WARN_DEPRECATED_OBJC_IMPLEMENTATIONS = YES;
				CLANG_WARN_DIRECT_OBJC_ISA_USAGE = YES_ERROR;
				CLANG_WARN_DOCUMENTATION_COMMENTS = YES;
				CLANG_WARN_EMPTY_BODY = YES;
				CLANG_WARN_ENUM_CONVERSION = YES;
				CLANG_WARN_INFINITE_RECURSION = YES;
				CLANG_WARN_INT_CONVERSION = YES;
				CLANG_WARN_NON_LITERAL_NULL_CONVERSION = YES;
				CLANG_WARN_OBJC_IMPLICIT_RETAIN_SELF = YES;
				CLANG_WARN_OBJC_LITERAL_CONVERSION = YES;
				CLANG_WARN_OBJC_ROOT_CLASS = YES_ERROR;
				CLANG_WARN_QUOTED_INCLUDE_IN_FRAMEWORK_HEADER = YES;
				CLANG_WARN_RANGE_LOOP_ANALYSIS = YES;
				CLANG_WARN_STRICT_PROTOTYPES = YES;
				CLANG_WARN_SUSPICIOUS_MOVE = YES;
				CLANG_WARN_UNGUARDED_AVAILABILITY = YES_AGGRESSIVE;
				CLANG_WARN_UNREACHABLE_CODE = YES;
				CLANG_WARN__DUPLICATE_METHOD_MATCH = YES;
				COPY_PHASE_STRIP = NO;
				DEBUG_INFORMATION_FORMAT = dwarf;
				ENABLE_STRICT_OBJC_MSGSEND = YES;
				ENABLE_TESTABILITY = YES;
				GCC_C_LANGUAGE_STANDARD = gnu11;
				GCC_DYNAMIC_NO_PIC = NO;
				GCC_NO_COMMON_BLOCKS = YES;
				GCC_OPTIMIZATION_LEVEL = 0;
				GCC_PREPROCESSOR_DEFINITIONS = (
					"DEBUG=1",
					"$(inherited)",
				);
				GCC_WARN_64_TO_32_BIT_CONVERSION = YES;
				GCC_WARN_ABOUT_RETURN_TYPE = YES_ERROR;
				GCC_WARN_UNDECLARED_SELECTOR = YES;
				GCC_WARN_UNINITIALIZED_AUTOS = YES_AGGRESSIVE;
				GCC_WARN_UNUSED_FUNCTION = YES;
				GCC_WARN_UNUSED_VARIABLE = YES;
				MACOSX_DEPLOYMENT_TARGET = 12.0;
				MTL_ENABLE_DEBUG_INFO = INCLUDE_SOURCE;
				MTL_FAST_MATH = YES;
				ONLY_ACTIVE_ARCH = YES;
				SDKROOT = macosx;
				SWIFT_ACTIVE_COMPILATION_CONDITIONS = DEBUG;
				SWIFT_OPTIMIZATION_LEVEL = "-Onone";
			};
			name = Debug;
		};
		8094925D275EA0C3000EE149 /* Release */ = {
			isa = XCBuildConfiguration;
			buildSettings = {
				ALWAYS_SEARCH_USER_PATHS = NO;
				CLANG_ANALYZER_NONNULL = YES;
				CLANG_ANALYZER_NUMBER_OBJECT_CONVERSION = YES_AGGRESSIVE;
				CLANG_CXX_LANGUAGE_STANDARD = "gnu++17";
				CLANG_CXX_LIBRARY = "libc++";
				CLANG_ENABLE_MODULES = YES;
				CLANG_ENABLE_OBJC_ARC = YES;
				CLANG_ENABLE_OBJC_WEAK = YES;
				CLANG_WARN_BLOCK_CAPTURE_AUTORELEASING = YES;
				CLANG_WARN_BOOL_CONVERSION = YES;
				CLANG_WARN_COMMA = YES;
				CLANG_WARN_CONSTANT_CONVERSION = YES;
				CLANG_WARN_DEPRECATED_OBJC_IMPLEMENTATIONS = YES;
				CLANG_WARN_DIRECT_OBJC_ISA_USAGE = YES_ERROR;
				CLANG_WARN_DOCUMENTATION_COMMENTS = YES;
				CLANG_WARN_EMPTY_BODY = YES;
				CLANG_WARN_ENUM_CONVERSION = YES;
				CLANG_WARN_INFINITE_RECURSION = YES;
				CLANG_WARN_INT_CONVERSION = YES;
				CLANG_WARN_NON_LITERAL_NULL_CONVERSION = YES;
				CLANG_WARN_OBJC_IMPLICIT_RETAIN_SELF = YES;
				CLANG_WARN_OBJC_LITERAL_CONVERSION = YES;
				CLANG_WARN_OBJC_ROOT_CLASS = YES_ERROR;
				CLANG_WARN_QUOTED_INCLUDE_IN_FRAMEWORK_HEADER = YES;
				CLANG_WARN_RANGE_LOOP_ANALYSIS = YES;
				CLANG_WARN_STRICT_PROTOTYPES = YES;
				CLANG_WARN_SUSPICIOUS_MOVE = YES;
				CLANG_WARN_UNGUARDED_AVAILABILITY = YES_AGGRESSIVE;
				CLANG_WARN_UNREACHABLE_CODE = YES;
				CLANG_WARN__DUPLICATE_METHOD_MATCH = YES;
				COPY_PHASE_STRIP = NO;
				DEBUG_INFORMATION_FORMAT = "dwarf-with-dsym";
				ENABLE_NS_ASSERTIONS = NO;
				ENABLE_STRICT_OBJC_MSGSEND = YES;
				GCC_C_LANGUAGE_STANDARD = gnu11;
				GCC_NO_COMMON_BLOCKS = YES;
				GCC_WARN_64_TO_32_BIT_CONVERSION = YES;
				GCC_WARN_ABOUT_RETURN_TYPE = YES_ERROR;
				GCC_WARN_UNDECLARED_SELECTOR = YES;
				GCC_WARN_UNINITIALIZED_AUTOS = YES_AGGRESSIVE;
				GCC_WARN_UNUSED_FUNCTION = YES;
				GCC_WARN_UNUSED_VARIABLE = YES;
				MACOSX_DEPLOYMENT_TARGET = 12.0;
				MTL_ENABLE_DEBUG_INFO = NO;
				MTL_FAST_MATH = YES;
				SDKROOT = macosx;
				SWIFT_COMPILATION_MODE = wholemodule;
				SWIFT_OPTIMIZATION_LEVEL = "-O";
			};
			name = Release;
		};
		8094925F275EA0C3000EE149 /* Debug */ = {
			isa = XCBuildConfiguration;
			buildSettings = {
				ASSETCATALOG_COMPILER_APPICON_NAME = AppIcon;
				ASSETCATALOG_COMPILER_GLOBAL_ACCENT_COLOR_NAME = AccentColor;
				CODE_SIGN_ENTITLEMENTS = bezola/bezola.entitlements;
				CODE_SIGN_STYLE = Automatic;
				COMBINE_HIDPI_IMAGES = YES;
				CURRENT_PROJECT_VERSION = 1;
				GENERATE_INFOPLIST_FILE = YES;
				INFOPLIST_KEY_NSAppleEventsUsageDescription = "Needed to use fetch Spotify data from system";
				INFOPLIST_KEY_NSHumanReadableCopyright = "";
				INFOPLIST_KEY_NSMainStoryboardFile = Main;
				INFOPLIST_KEY_NSPrincipalClass = NSApplication;
				LD_RUNPATH_SEARCH_PATHS = (
					"$(inherited)",
					"@executable_path/../Frameworks",
				);
				MARKETING_VERSION = 1.0;
				PRODUCT_BUNDLE_IDENTIFIER = ryanrau.bezola;
				PRODUCT_NAME = "$(TARGET_NAME)";
				SWIFT_EMIT_LOC_STRINGS = YES;
				SWIFT_VERSION = 5.0;
			};
			name = Debug;
		};
		80949260275EA0C3000EE149 /* Release */ = {
			isa = XCBuildConfiguration;
			buildSettings = {
				ASSETCATALOG_COMPILER_APPICON_NAME = AppIcon;
				ASSETCATALOG_COMPILER_GLOBAL_ACCENT_COLOR_NAME = AccentColor;
				CODE_SIGN_ENTITLEMENTS = bezola/bezola.entitlements;
				CODE_SIGN_STYLE = Automatic;
				COMBINE_HIDPI_IMAGES = YES;
				CURRENT_PROJECT_VERSION = 1;
				GENERATE_INFOPLIST_FILE = YES;
				INFOPLIST_KEY_NSAppleEventsUsageDescription = "Needed to use fetch Spotify data from system";
				INFOPLIST_KEY_NSHumanReadableCopyright = "";
				INFOPLIST_KEY_NSMainStoryboardFile = Main;
				INFOPLIST_KEY_NSPrincipalClass = NSApplication;
				LD_RUNPATH_SEARCH_PATHS = (
					"$(inherited)",
					"@executable_path/../Frameworks",
				);
				MARKETING_VERSION = 1.0;
				PRODUCT_BUNDLE_IDENTIFIER = ryanrau.bezola;
				PRODUCT_NAME = "$(TARGET_NAME)";
				SWIFT_EMIT_LOC_STRINGS = YES;
				SWIFT_VERSION = 5.0;
			};
			name = Release;
		};
/* End XCBuildConfiguration section */

/* Begin XCConfigurationList section */
		8094924A275EA0C1000EE149 /* Build configuration list for PBXProject "bezola" */ = {
			isa = XCConfigurationList;
			buildConfigurations = (
				8094925C275EA0C3000EE149 /* Debug */,
				8094925D275EA0C3000EE149 /* Release */,
			);
			defaultConfigurationIsVisible = 0;
			defaultConfigurationName = Release;
		};
		8094925E275EA0C3000EE149 /* Build configuration list for PBXNativeTarget "bezola" */ = {
			isa = XCConfigurationList;
			buildConfigurations = (
				8094925F275EA0C3000EE149 /* Debug */,
				80949260275EA0C3000EE149 /* Release */,
			);
			defaultConfigurationIsVisible = 0;
			defaultConfigurationName = Release;
		};
/* End XCConfigurationList section */

/* Begin XCRemoteSwiftPackageReference section */
		80949269275EBB07000EE149 /* XCRemoteSwiftPackageReference "PythonKit" */ = {
			isa = XCRemoteSwiftPackageReference;
			repositoryURL = "https://github.com/pvieito/PythonKit";
			requirement = {
				kind = upToNextMajorVersion;
				minimumVersion = 0.1.1;
			};
		};
/* End XCRemoteSwiftPackageReference section */

/* Begin XCSwiftPackageProductDependency section */
		8094926A275EBB07000EE149 /* PythonKit */ = {
			isa = XCSwiftPackageProductDependency;
			package = 80949269275EBB07000EE149 /* XCRemoteSwiftPackageReference "PythonKit" */;
			productName = PythonKit;
		};
/* End XCSwiftPackageProductDependency section */
	};
	rootObject = 80949247275EA0C1000EE149 /* Project object */;
}
